// !$*UTF8*$!
{
	archiveVersion = 1;
	classes = {
	};
	objectVersion = 46;
	objects = {

/* Begin PBXBuildFile section */
		2BD1A69F2DE5F6715969D9F9 /* Pods_SimpleSampleApp.framework in Frameworks */ = {isa = PBXBuildFile; fileRef = 150CC365821FCBA46B82C438 /* Pods_SimpleSampleApp.framework */; };
		663C03501D22DE6B00314C4F /* AppDelegate.swift in Sources */ = {isa = PBXBuildFile; fileRef = 663C034F1D22DE6B00314C4F /* AppDelegate.swift */; };
		663C03521D22DE6B00314C4F /* UsersViewController.swift in Sources */ = {isa = PBXBuildFile; fileRef = 663C03511D22DE6B00314C4F /* UsersViewController.swift */; };
		663C03551D22DE6B00314C4F /* Main.storyboard in Resources */ = {isa = PBXBuildFile; fileRef = 663C03531D22DE6B00314C4F /* Main.storyboard */; };
		663C03581D22DE6B00314C4F /* SimpleSampleApp.xcdatamodeld in Sources */ = {isa = PBXBuildFile; fileRef = 663C03561D22DE6B00314C4F /* SimpleSampleApp.xcdatamodeld */; };
		663C035A1D22DE6B00314C4F /* Assets.xcassets in Resources */ = {isa = PBXBuildFile; fileRef = 663C03591D22DE6B00314C4F /* Assets.xcassets */; };
		663C035D1D22DE6B00314C4F /* LaunchScreen.storyboard in Resources */ = {isa = PBXBuildFile; fileRef = 663C035B1D22DE6B00314C4F /* LaunchScreen.storyboard */; };
		663C03681D22DE6C00314C4F /* SimpleSampleAppTests.swift in Sources */ = {isa = PBXBuildFile; fileRef = 663C03671D22DE6C00314C4F /* SimpleSampleAppTests.swift */; };
		663C03791D230DF800314C4F /* Company+CoreDataProperties.swift in Sources */ = {isa = PBXBuildFile; fileRef = 663C03731D230DF800314C4F /* Company+CoreDataProperties.swift */; };
		663C037A1D230DF800314C4F /* Company.swift in Sources */ = {isa = PBXBuildFile; fileRef = 663C03741D230DF800314C4F /* Company.swift */; };
		663C037B1D230DF800314C4F /* User+CoreDataProperties.swift in Sources */ = {isa = PBXBuildFile; fileRef = 663C03751D230DF800314C4F /* User+CoreDataProperties.swift */; };
		663C037C1D230DF800314C4F /* User.swift in Sources */ = {isa = PBXBuildFile; fileRef = 663C03761D230DF800314C4F /* User.swift */; };
		663C037D1D230DF800314C4F /* Address+CoreDataProperties.swift in Sources */ = {isa = PBXBuildFile; fileRef = 663C03771D230DF800314C4F /* Address+CoreDataProperties.swift */; };
		663C037E1D230DF800314C4F /* Address.swift in Sources */ = {isa = PBXBuildFile; fileRef = 663C03781D230DF800314C4F /* Address.swift */; };
/* End PBXBuildFile section */

/* Begin PBXContainerItemProxy section */
		663C03641D22DE6C00314C4F /* PBXContainerItemProxy */ = {
			isa = PBXContainerItemProxy;
			containerPortal = 663C03441D22DE6B00314C4F /* Project object */;
			proxyType = 1;
			remoteGlobalIDString = 663C034B1D22DE6B00314C4F;
			remoteInfo = SimpleSampleApp;
		};
/* End PBXContainerItemProxy section */

/* Begin PBXFileReference section */
		150CC365821FCBA46B82C438 /* Pods_SimpleSampleApp.framework */ = {isa = PBXFileReference; explicitFileType = wrapper.framework; includeInIndex = 0; path = Pods_SimpleSampleApp.framework; sourceTree = BUILT_PRODUCTS_DIR; };
		25880409135A05AB3BD04371 /* Pods-SimpleSampleApp.debug.xcconfig */ = {isa = PBXFileReference; includeInIndex = 1; lastKnownFileType = text.xcconfig; name = "Pods-SimpleSampleApp.debug.xcconfig"; path = "Pods/Target Support Files/Pods-SimpleSampleApp/Pods-SimpleSampleApp.debug.xcconfig"; sourceTree = "<group>"; };
		663C034C1D22DE6B00314C4F /* SimpleSampleApp.app */ = {isa = PBXFileReference; explicitFileType = wrapper.application; includeInIndex = 0; path = SimpleSampleApp.app; sourceTree = BUILT_PRODUCTS_DIR; };
		663C034F1D22DE6B00314C4F /* AppDelegate.swift */ = {isa = PBXFileReference; lastKnownFileType = sourcecode.swift; path = AppDelegate.swift; sourceTree = "<group>"; };
		663C03511D22DE6B00314C4F /* UsersViewController.swift */ = {isa = PBXFileReference; lastKnownFileType = sourcecode.swift; name = UsersViewController.swift; path = ViewControllers/UsersViewController.swift; sourceTree = "<group>"; };
		663C03541D22DE6B00314C4F /* Base */ = {isa = PBXFileReference; lastKnownFileType = file.storyboard; name = Base; path = Base.lproj/Main.storyboard; sourceTree = "<group>"; };
		663C03571D22DE6B00314C4F /* SimpleSampleApp.xcdatamodel */ = {isa = PBXFileReference; lastKnownFileType = wrapper.xcdatamodel; path = SimpleSampleApp.xcdatamodel; sourceTree = "<group>"; };
		663C03591D22DE6B00314C4F /* Assets.xcassets */ = {isa = PBXFileReference; lastKnownFileType = folder.assetcatalog; path = Assets.xcassets; sourceTree = "<group>"; };
		663C035C1D22DE6B00314C4F /* Base */ = {isa = PBXFileReference; lastKnownFileType = file.storyboard; name = Base; path = Base.lproj/LaunchScreen.storyboard; sourceTree = "<group>"; };
		663C035E1D22DE6B00314C4F /* Info.plist */ = {isa = PBXFileReference; lastKnownFileType = text.plist.xml; path = Info.plist; sourceTree = "<group>"; };
		663C03631D22DE6C00314C4F /* SimpleSampleAppTests.xctest */ = {isa = PBXFileReference; explicitFileType = wrapper.cfbundle; includeInIndex = 0; path = SimpleSampleAppTests.xctest; sourceTree = BUILT_PRODUCTS_DIR; };
		663C03671D22DE6C00314C4F /* SimpleSampleAppTests.swift */ = {isa = PBXFileReference; lastKnownFileType = sourcecode.swift; path = SimpleSampleAppTests.swift; sourceTree = "<group>"; };
		663C03691D22DE6C00314C4F /* Info.plist */ = {isa = PBXFileReference; lastKnownFileType = text.plist.xml; path = Info.plist; sourceTree = "<group>"; };
		663C03731D230DF800314C4F /* Company+CoreDataProperties.swift */ = {isa = PBXFileReference; fileEncoding = 4; lastKnownFileType = sourcecode.swift; name = "Company+CoreDataProperties.swift"; path = "Models/Company+CoreDataProperties.swift"; sourceTree = "<group>"; };
		663C03741D230DF800314C4F /* Company.swift */ = {isa = PBXFileReference; fileEncoding = 4; lastKnownFileType = sourcecode.swift; name = Company.swift; path = Models/Company.swift; sourceTree = "<group>"; };
		663C03751D230DF800314C4F /* User+CoreDataProperties.swift */ = {isa = PBXFileReference; fileEncoding = 4; lastKnownFileType = sourcecode.swift; name = "User+CoreDataProperties.swift"; path = "Models/User+CoreDataProperties.swift"; sourceTree = "<group>"; };
		663C03761D230DF800314C4F /* User.swift */ = {isa = PBXFileReference; fileEncoding = 4; lastKnownFileType = sourcecode.swift; name = User.swift; path = Models/User.swift; sourceTree = "<group>"; };
		663C03771D230DF800314C4F /* Address+CoreDataProperties.swift */ = {isa = PBXFileReference; fileEncoding = 4; lastKnownFileType = sourcecode.swift; name = "Address+CoreDataProperties.swift"; path = "Models/Address+CoreDataProperties.swift"; sourceTree = "<group>"; };
		663C03781D230DF800314C4F /* Address.swift */ = {isa = PBXFileReference; fileEncoding = 4; lastKnownFileType = sourcecode.swift; name = Address.swift; path = Models/Address.swift; sourceTree = "<group>"; };
		6FB9AB0E95F5840E982B6D90 /* Pods-SimpleSampleApp.release.xcconfig */ = {isa = PBXFileReference; includeInIndex = 1; lastKnownFileType = text.xcconfig; name = "Pods-SimpleSampleApp.release.xcconfig"; path = "Pods/Target Support Files/Pods-SimpleSampleApp/Pods-SimpleSampleApp.release.xcconfig"; sourceTree = "<group>"; };
/* End PBXFileReference section */

/* Begin PBXFrameworksBuildPhase section */
		663C03491D22DE6B00314C4F /* Frameworks */ = {
			isa = PBXFrameworksBuildPhase;
			buildActionMask = 2147483647;
			files = (
				2BD1A69F2DE5F6715969D9F9 /* Pods_SimpleSampleApp.framework in Frameworks */,
			);
			runOnlyForDeploymentPostprocessing = 0;
		};
		663C03601D22DE6C00314C4F /* Frameworks */ = {
			isa = PBXFrameworksBuildPhase;
			buildActionMask = 2147483647;
			files = (
			);
			runOnlyForDeploymentPostprocessing = 0;
		};
/* End PBXFrameworksBuildPhase section */

/* Begin PBXGroup section */
		663C03431D22DE6B00314C4F = {
			isa = PBXGroup;
			children = (
				663C034E1D22DE6B00314C4F /* SimpleSampleApp */,
				663C03661D22DE6C00314C4F /* SimpleSampleAppTests */,
				663C034D1D22DE6B00314C4F /* Products */,
				E04CF0D7B4AF5C249B1D6966 /* Pods */,
				F539249B0325C55F2F71C702 /* Frameworks */,
			);
			sourceTree = "<group>";
		};
		663C034D1D22DE6B00314C4F /* Products */ = {
			isa = PBXGroup;
			children = (
				663C034C1D22DE6B00314C4F /* SimpleSampleApp.app */,
				663C03631D22DE6C00314C4F /* SimpleSampleAppTests.xctest */,
			);
			name = Products;
			sourceTree = "<group>";
		};
		663C034E1D22DE6B00314C4F /* SimpleSampleApp */ = {
			isa = PBXGroup;
			children = (
				663C034F1D22DE6B00314C4F /* AppDelegate.swift */,
				663C03721D23094900314C4F /* ViewControllers */,
				663C03531D22DE6B00314C4F /* Main.storyboard */,
				663C03591D22DE6B00314C4F /* Assets.xcassets */,
				663C035B1D22DE6B00314C4F /* LaunchScreen.storyboard */,
				663C035E1D22DE6B00314C4F /* Info.plist */,
				663C037F1D230E0C00314C4F /* Models */,
			);
			path = SimpleSampleApp;
			sourceTree = "<group>";
		};
		663C03661D22DE6C00314C4F /* SimpleSampleAppTests */ = {
			isa = PBXGroup;
			children = (
				663C03671D22DE6C00314C4F /* SimpleSampleAppTests.swift */,
				663C03691D22DE6C00314C4F /* Info.plist */,
			);
			path = SimpleSampleAppTests;
			sourceTree = "<group>";
		};
		663C03721D23094900314C4F /* ViewControllers */ = {
			isa = PBXGroup;
			children = (
				663C03511D22DE6B00314C4F /* UsersViewController.swift */,
			);
			name = ViewControllers;
			sourceTree = "<group>";
		};
		663C037F1D230E0C00314C4F /* Models */ = {
			isa = PBXGroup;
			children = (
				663C03561D22DE6B00314C4F /* SimpleSampleApp.xcdatamodeld */,
				663C03731D230DF800314C4F /* Company+CoreDataProperties.swift */,
				663C03741D230DF800314C4F /* Company.swift */,
				663C03751D230DF800314C4F /* User+CoreDataProperties.swift */,
				663C03761D230DF800314C4F /* User.swift */,
				663C03771D230DF800314C4F /* Address+CoreDataProperties.swift */,
				663C03781D230DF800314C4F /* Address.swift */,
			);
			name = Models;
			sourceTree = "<group>";
		};
		E04CF0D7B4AF5C249B1D6966 /* Pods */ = {
			isa = PBXGroup;
			children = (
				25880409135A05AB3BD04371 /* Pods-SimpleSampleApp.debug.xcconfig */,
				6FB9AB0E95F5840E982B6D90 /* Pods-SimpleSampleApp.release.xcconfig */,
			);
			name = Pods;
			sourceTree = "<group>";
		};
		F539249B0325C55F2F71C702 /* Frameworks */ = {
			isa = PBXGroup;
			children = (
				150CC365821FCBA46B82C438 /* Pods_SimpleSampleApp.framework */,
			);
			name = Frameworks;
			sourceTree = "<group>";
		};
/* End PBXGroup section */

/* Begin PBXNativeTarget section */
		663C034B1D22DE6B00314C4F /* SimpleSampleApp */ = {
			isa = PBXNativeTarget;
			buildConfigurationList = 663C036C1D22DE6C00314C4F /* Build configuration list for PBXNativeTarget "SimpleSampleApp" */;
			buildPhases = (
				512E1240369824617ECF69DB /* [CP] Check Pods Manifest.lock */,
				663C03481D22DE6B00314C4F /* Sources */,
				663C03491D22DE6B00314C4F /* Frameworks */,
				663C034A1D22DE6B00314C4F /* Resources */,
				CA93A446E42B3F99E008C093 /* [CP] Embed Pods Frameworks */,
				AB7F92BF829BC5E6FBCBC9BE /* [CP] Copy Pods Resources */,
			);
			buildRules = (
			);
			dependencies = (
			);
			name = SimpleSampleApp;
			productName = SimpleSampleApp;
			productReference = 663C034C1D22DE6B00314C4F /* SimpleSampleApp.app */;
			productType = "com.apple.product-type.application";
		};
		663C03621D22DE6C00314C4F /* SimpleSampleAppTests */ = {
			isa = PBXNativeTarget;
			buildConfigurationList = 663C036F1D22DE6C00314C4F /* Build configuration list for PBXNativeTarget "SimpleSampleAppTests" */;
			buildPhases = (
				663C035F1D22DE6C00314C4F /* Sources */,
				663C03601D22DE6C00314C4F /* Frameworks */,
				663C03611D22DE6C00314C4F /* Resources */,
			);
			buildRules = (
			);
			dependencies = (
				663C03651D22DE6C00314C4F /* PBXTargetDependency */,
			);
			name = SimpleSampleAppTests;
			productName = SimpleSampleAppTests;
			productReference = 663C03631D22DE6C00314C4F /* SimpleSampleAppTests.xctest */;
			productType = "com.apple.product-type.bundle.unit-test";
		};
/* End PBXNativeTarget section */

/* Begin PBXProject section */
		663C03441D22DE6B00314C4F /* Project object */ = {
			isa = PBXProject;
			attributes = {
				LastSwiftUpdateCheck = 0730;
				LastUpgradeCheck = 0730;
				ORGANIZATIONNAME = TWNH;
				TargetAttributes = {
					663C034B1D22DE6B00314C4F = {
						CreatedOnToolsVersion = 7.3.1;
					};
					663C03621D22DE6C00314C4F = {
						CreatedOnToolsVersion = 7.3.1;
						TestTargetID = 663C034B1D22DE6B00314C4F;
					};
				};
			};
			buildConfigurationList = 663C03471D22DE6B00314C4F /* Build configuration list for PBXProject "SimpleSampleApp" */;
			compatibilityVersion = "Xcode 3.2";
			developmentRegion = English;
			hasScannedForEncodings = 0;
			knownRegions = (
				en,
				Base,
			);
			mainGroup = 663C03431D22DE6B00314C4F;
			productRefGroup = 663C034D1D22DE6B00314C4F /* Products */;
			projectDirPath = "";
			projectRoot = "";
			targets = (
				663C034B1D22DE6B00314C4F /* SimpleSampleApp */,
				663C03621D22DE6C00314C4F /* SimpleSampleAppTests */,
			);
		};
/* End PBXProject section */

/* Begin PBXResourcesBuildPhase section */
		663C034A1D22DE6B00314C4F /* Resources */ = {
			isa = PBXResourcesBuildPhase;
			buildActionMask = 2147483647;
			files = (
				663C035D1D22DE6B00314C4F /* LaunchScreen.storyboard in Resources */,
				663C035A1D22DE6B00314C4F /* Assets.xcassets in Resources */,
				663C03551D22DE6B00314C4F /* Main.storyboard in Resources */,
			);
			runOnlyForDeploymentPostprocessing = 0;
		};
		663C03611D22DE6C00314C4F /* Resources */ = {
			isa = PBXResourcesBuildPhase;
			buildActionMask = 2147483647;
			files = (
			);
			runOnlyForDeploymentPostprocessing = 0;
		};
/* End PBXResourcesBuildPhase section */

/* Begin PBXShellScriptBuildPhase section */
		512E1240369824617ECF69DB /* [CP] Check Pods Manifest.lock */ = {
			isa = PBXShellScriptBuildPhase;
			buildActionMask = 2147483647;
			files = (
			);
			inputPaths = (
			);
			name = "[CP] Check Pods Manifest.lock";
			outputPaths = (
			);
			runOnlyForDeploymentPostprocessing = 0;
			shellPath = /bin/sh;
			shellScript = "diff \"${PODS_ROOT}/../Podfile.lock\" \"${PODS_ROOT}/Manifest.lock\" > /dev/null\nif [[ $? != 0 ]] ; then\n    cat << EOM\nerror: The sandbox is not in sync with the Podfile.lock. Run 'pod install' or update your CocoaPods installation.\nEOM\n    exit 1\nfi\n";
			showEnvVarsInLog = 0;
		};
		AB7F92BF829BC5E6FBCBC9BE /* [CP] Copy Pods Resources */ = {
			isa = PBXShellScriptBuildPhase;
			buildActionMask = 2147483647;
			files = (
			);
			inputPaths = (
			);
			name = "[CP] Copy Pods Resources";
			outputPaths = (
			);
			runOnlyForDeploymentPostprocessing = 0;
			shellPath = /bin/sh;
			shellScript = "\"${SRCROOT}/Pods/Target Support Files/Pods-SimpleSampleApp/Pods-SimpleSampleApp-resources.sh\"\n";
			showEnvVarsInLog = 0;
		};
		CA93A446E42B3F99E008C093 /* [CP] Embed Pods Frameworks */ = {
			isa = PBXShellScriptBuildPhase;
			buildActionMask = 2147483647;
			files = (
			);
			inputPaths = (
			);
			name = "[CP] Embed Pods Frameworks";
			outputPaths = (
			);
			runOnlyForDeploymentPostprocessing = 0;
			shellPath = /bin/sh;
			shellScript = "\"${SRCROOT}/Pods/Target Support Files/Pods-SimpleSampleApp/Pods-SimpleSampleApp-frameworks.sh\"\n";
			showEnvVarsInLog = 0;
		};
/* End PBXShellScriptBuildPhase section */

/* Begin PBXSourcesBuildPhase section */
		663C03481D22DE6B00314C4F /* Sources */ = {
			isa = PBXSourcesBuildPhase;
			buildActionMask = 2147483647;
			files = (
				663C037E1D230DF800314C4F /* Address.swift in Sources */,
				663C037D1D230DF800314C4F /* Address+CoreDataProperties.swift in Sources */,
				663C03521D22DE6B00314C4F /* UsersViewController.swift in Sources */,
				663C03581D22DE6B00314C4F /* SimpleSampleApp.xcdatamodeld in Sources */,
				663C037B1D230DF800314C4F /* User+CoreDataProperties.swift in Sources */,
				663C03791D230DF800314C4F /* Company+CoreDataProperties.swift in Sources */,
				663C037A1D230DF800314C4F /* Company.swift in Sources */,
				663C03501D22DE6B00314C4F /* AppDelegate.swift in Sources */,
				663C037C1D230DF800314C4F /* User.swift in Sources */,
			);
			runOnlyForDeploymentPostprocessing = 0;
		};
		663C035F1D22DE6C00314C4F /* Sources */ = {
			isa = PBXSourcesBuildPhase;
			buildActionMask = 2147483647;
			files = (
				663C03681D22DE6C00314C4F /* SimpleSampleAppTests.swift in Sources */,
			);
			runOnlyForDeploymentPostprocessing = 0;
		};
/* End PBXSourcesBuildPhase section */

/* Begin PBXTargetDependency section */
		663C03651D22DE6C00314C4F /* PBXTargetDependency */ = {
			isa = PBXTargetDependency;
			target = 663C034B1D22DE6B00314C4F /* SimpleSampleApp */;
			targetProxy = 663C03641D22DE6C00314C4F /* PBXContainerItemProxy */;
		};
/* End PBXTargetDependency section */

/* Begin PBXVariantGroup section */
		663C03531D22DE6B00314C4F /* Main.storyboard */ = {
			isa = PBXVariantGroup;
			children = (
				663C03541D22DE6B00314C4F /* Base */,
			);
			name = Main.storyboard;
			sourceTree = "<group>";
		};
		663C035B1D22DE6B00314C4F /* LaunchScreen.storyboard */ = {
			isa = PBXVariantGroup;
			children = (
				663C035C1D22DE6B00314C4F /* Base */,
			);
			name = LaunchScreen.storyboard;
			sourceTree = "<group>";
		};
/* End PBXVariantGroup section */

/* Begin XCBuildConfiguration section */
		663C036A1D22DE6C00314C4F /* Debug */ = {
			isa = XCBuildConfiguration;
			buildSettings = {
				ALWAYS_SEARCH_USER_PATHS = NO;
				CLANG_ANALYZER_NONNULL = YES;
				CLANG_CXX_LANGUAGE_STANDARD = "gnu++0x";
				CLANG_CXX_LIBRARY = "libc++";
				CLANG_ENABLE_MODULES = YES;
				CLANG_ENABLE_OBJC_ARC = YES;
				CLANG_WARN_BOOL_CONVERSION = YES;
				CLANG_WARN_CONSTANT_CONVERSION = YES;
				CLANG_WARN_DIRECT_OBJC_ISA_USAGE = YES_ERROR;
				CLANG_WARN_EMPTY_BODY = YES;
				CLANG_WARN_ENUM_CONVERSION = YES;
				CLANG_WARN_INT_CONVERSION = YES;
				CLANG_WARN_OBJC_ROOT_CLASS = YES_ERROR;
				CLANG_WARN_UNREACHABLE_CODE = YES;
				CLANG_WARN__DUPLICATE_METHOD_MATCH = YES;
				"CODE_SIGN_IDENTITY[sdk=iphoneos*]" = "iPhone Developer";
				COPY_PHASE_STRIP = NO;
				DEBUG_INFORMATION_FORMAT = dwarf;
				ENABLE_STRICT_OBJC_MSGSEND = YES;
				ENABLE_TESTABILITY = YES;
				GCC_C_LANGUAGE_STANDARD = gnu99;
				GCC_DYNAMIC_NO_PIC = NO;
				GCC_NO_COMMON_BLOCKS = YES;
				GCC_OPTIMIZATION_LEVEL = 0;
				GCC_PREPROCESSOR_DEFINITIONS = (
					"DEBUG=1",
					"$(inherited)",
				);
				GCC_WARN_64_TO_32_BIT_CONVERSION = YES;
				GCC_WARN_ABOUT_RETURN_TYPE = YES_ERROR;
				GCC_WARN_UNDECLARED_SELECTOR = YES;
				GCC_WARN_UNINITIALIZED_AUTOS = YES_AGGRESSIVE;
				GCC_WARN_UNUSED_FUNCTION = YES;
				GCC_WARN_UNUSED_VARIABLE = YES;
				IPHONEOS_DEPLOYMENT_TARGET = 9.3;
				MTL_ENABLE_DEBUG_INFO = YES;
				ONLY_ACTIVE_ARCH = YES;
				SDKROOT = iphoneos;
				SWIFT_OPTIMIZATION_LEVEL = "-Onone";
				TARGETED_DEVICE_FAMILY = "1,2";
			};
			name = Debug;
		};
		663C036B1D22DE6C00314C4F /* Release */ = {
			isa = XCBuildConfiguration;
			buildSettings = {
				ALWAYS_SEARCH_USER_PATHS = NO;
				CLANG_ANALYZER_NONNULL = YES;
				CLANG_CXX_LANGUAGE_STANDARD = "gnu++0x";
				CLANG_CXX_LIBRARY = "libc++";
				CLANG_ENABLE_MODULES = YES;
				CLANG_ENABLE_OBJC_ARC = YES;
				CLANG_WARN_BOOL_CONVERSION = YES;
				CLANG_WARN_CONSTANT_CONVERSION = YES;
				CLANG_WARN_DIRECT_OBJC_ISA_USAGE = YES_ERROR;
				CLANG_WARN_EMPTY_BODY = YES;
				CLANG_WARN_ENUM_CONVERSION = YES;
				CLANG_WARN_INT_CONVERSION = YES;
				CLANG_WARN_OBJC_ROOT_CLASS = YES_ERROR;
				CLANG_WARN_UNREACHABLE_CODE = YES;
				CLANG_WARN__DUPLICATE_METHOD_MATCH = YES;
				"CODE_SIGN_IDENTITY[sdk=iphoneos*]" = "iPhone Developer";
				COPY_PHASE_STRIP = NO;
				DEBUG_INFORMATION_FORMAT = "dwarf-with-dsym";
				ENABLE_NS_ASSERTIONS = NO;
				ENABLE_STRICT_OBJC_MSGSEND = YES;
				GCC_C_LANGUAGE_STANDARD = gnu99;
				GCC_NO_COMMON_BLOCKS = YES;
				GCC_WARN_64_TO_32_BIT_CONVERSION = YES;
				GCC_WARN_ABOUT_RETURN_TYPE = YES_ERROR;
				GCC_WARN_UNDECLARED_SELECTOR = YES;
				GCC_WARN_UNINITIALIZED_AUTOS = YES_AGGRESSIVE;
				GCC_WARN_UNUSED_FUNCTION = YES;
				GCC_WARN_UNUSED_VARIABLE = YES;
				IPHONEOS_DEPLOYMENT_TARGET = 9.3;
				MTL_ENABLE_DEBUG_INFO = NO;
				SDKROOT = iphoneos;
				TARGETED_DEVICE_FAMILY = "1,2";
				VALIDATE_PRODUCT = YES;
			};
			name = Release;
		};
		663C036D1D22DE6C00314C4F /* Debug */ = {
			isa = XCBuildConfiguration;
			baseConfigurationReference = 25880409135A05AB3BD04371 /* Pods-SimpleSampleApp.debug.xcconfig */;
			buildSettings = {
				ASSETCATALOG_COMPILER_APPICON_NAME = AppIcon;
				INFOPLIST_FILE = SimpleSampleApp/Info.plist;
				LD_RUNPATH_SEARCH_PATHS = "$(inherited) @executable_path/Frameworks";
				PRODUCT_BUNDLE_IDENTIFIER = TWNH.SimpleSampleApp;
				PRODUCT_NAME = "$(TARGET_NAME)";
			};
			name = Debug;
		};
		663C036E1D22DE6C00314C4F /* Release */ = {
			isa = XCBuildConfiguration;
			baseConfigurationReference = 6FB9AB0E95F5840E982B6D90 /* Pods-SimpleSampleApp.release.xcconfig */;
			buildSettings = {
				ASSETCATALOG_COMPILER_APPICON_NAME = AppIcon;
				INFOPLIST_FILE = SimpleSampleApp/Info.plist;
				LD_RUNPATH_SEARCH_PATHS = "$(inherited) @executable_path/Frameworks";
				PRODUCT_BUNDLE_IDENTIFIER = TWNH.SimpleSampleApp;
				PRODUCT_NAME = "$(TARGET_NAME)";
			};
			name = Release;
		};
		663C03701D22DE6C00314C4F /* Debug */ = {
			isa = XCBuildConfiguration;
			buildSettings = {
				BUNDLE_LOADER = "$(TEST_HOST)";
				INFOPLIST_FILE = SimpleSampleAppTests/Info.plist;
				LD_RUNPATH_SEARCH_PATHS = "$(inherited) @executable_path/Frameworks @loader_path/Frameworks";
				PRODUCT_BUNDLE_IDENTIFIER = TWNH.SimpleSampleAppTests;
				PRODUCT_NAME = "$(TARGET_NAME)";
				TEST_HOST = "$(BUILT_PRODUCTS_DIR)/SimpleSampleApp.app/SimpleSampleApp";
			};
			name = Debug;
		};
		663C03711D22DE6C00314C4F /* Release */ = {
			isa = XCBuildConfiguration;
			buildSettings = {
				BUNDLE_LOADER = "$(TEST_HOST)";
				INFOPLIST_FILE = SimpleSampleAppTests/Info.plist;
				LD_RUNPATH_SEARCH_PATHS = "$(inherited) @executable_path/Frameworks @loader_path/Frameworks";
				PRODUCT_BUNDLE_IDENTIFIER = TWNH.SimpleSampleAppTests;
				PRODUCT_NAME = "$(TARGET_NAME)";
				TEST_HOST = "$(BUILT_PRODUCTS_DIR)/SimpleSampleApp.app/SimpleSampleApp";
			};
			name = Release;
		};
/* End XCBuildConfiguration section */

/* Begin XCConfigurationList section */
		663C03471D22DE6B00314C4F /* Build configuration list for PBXProject "SimpleSampleApp" */ = {
			isa = XCConfigurationList;
			buildConfigurations = (
				663C036A1D22DE6C00314C4F /* Debug */,
				663C036B1D22DE6C00314C4F /* Release */,
			);
			defaultConfigurationIsVisible = 0;
			defaultConfigurationName = Release;
		};
		663C036C1D22DE6C00314C4F /* Build configuration list for PBXNativeTarget "SimpleSampleApp" */ = {
			isa = XCConfigurationList;
			buildConfigurations = (
				663C036D1D22DE6C00314C4F /* Debug */,
				663C036E1D22DE6C00314C4F /* Release */,
			);
			defaultConfigurationIsVisible = 0;
			defaultConfigurationName = Release;
		};
		663C036F1D22DE6C00314C4F /* Build configuration list for PBXNativeTarget "SimpleSampleAppTests" */ = {
			isa = XCConfigurationList;
			buildConfigurations = (
				663C03701D22DE6C00314C4F /* Debug */,
				663C03711D22DE6C00314C4F /* Release */,
			);
			defaultConfigurationIsVisible = 0;
			defaultConfigurationName = Release;
		};
/* End XCConfigurationList section */

/* Begin XCVersionGroup section */
		663C03561D22DE6B00314C4F /* SimpleSampleApp.xcdatamodeld */ = {
			isa = XCVersionGroup;
			children = (
				663C03571D22DE6B00314C4F /* SimpleSampleApp.xcdatamodel */,
			);
			currentVersion = 663C03571D22DE6B00314C4F /* SimpleSampleApp.xcdatamodel */;
			path = SimpleSampleApp.xcdatamodeld;
			sourceTree = "<group>";
			versionGroupType = wrapper.xcdatamodel;
		};
/* End XCVersionGroup section */
	};
	rootObject = 663C03441D22DE6B00314C4F /* Project object */;
}
